
Microsoft Visual Studio Solution File, Format Version 12.00
# Visual Studio Version 17
VisualStudioVersion = 17.14.36414.22
MinimumVisualStudioVersion = 10.0.40219.1
Project("{FAE04EC0-301F-11D3-BF4B-00C04F79EFBC}") = "DPM225424_VanBaPhatHuy_Pattern01_Singleton", "DPM225424_VanBaPhatHuy_Pattern01_Singleton\DPM225424_VanBaPhatHuy_Pattern01_Singleton.csproj", "{ECBF2CB6-1DE7-498B-97E7-0FB0BF893709}"
EndProject
Project("{FAE04EC0-301F-11D3-BF4B-00C04F79EFBC}") = "DPM225424_VanBaPhatHuy_Real01_Singleton", "DPM225424_VanBaPhatHuy_Real01_Singleton\DPM225424_VanBaPhatHuy_Real01_Singleton.csproj", "{75ADEB8B-51D5-4167-A2EE-042A9048F395}"
EndProject
Project("{FAE04EC0-301F-11D3-BF4B-00C04F79EFBC}") = "DPM225424_VanBaPhatHuy_Pattern02_AbstractFactory", "DPM225424_VanBaPhatHuy_Pattern02_AbstractFactory\DPM225424_VanBaPhatHuy_Pattern02_AbstractFactory.csproj", "{93EE686A-6D14-2119-12FF-B58AAC8A4E63}"
EndProject
Project("{FAE04EC0-301F-11D3-BF4B-00C04F79EFBC}") = "DPM225424_VanBaPhatHuy_Pattern03_Builder", "DPM225424_VanBaPhatHuy_Pattern03_Builder\DPM225424_VanBaPhatHuy_Pattern03_Builder.csproj", "{7E0FA1CB-52E1-BBC0-D10A-9468E29D028E}"
EndProject
Project("{FAE04EC0-301F-11D3-BF4B-00C04F79EFBC}") = "DPM225424_VanBaPhatHuy_Pattern04_FactoryMethod", "DPM225424_VanBaPhatHuy_Pattern04_FactoryMethod\DPM225424_VanBaPhatHuy_Pattern04_FactoryMethod.csproj", "{3E280E32-ADDB-A94D-33D3-B76B62B582C4}"
EndProject
Project("{FAE04EC0-301F-11D3-BF4B-00C04F79EFBC}") = "DPM225424_VanBaPhatHuy_Pattern05_Prototype", "DPM225424_VanBaPhatHuy_Pattern05_Prototype\DPM225424_VanBaPhatHuy_Pattern05_Prototype.csproj", "{11EA7D02-1169-32C0-BBB2-F8AC7F5DFBA7}"
EndProject
Project("{FAE04EC0-301F-11D3-BF4B-00C04F79EFBC}") = "DPM225424_VanBaPhatHuy_Pattern06_Adapter", "DPM225424_VanBaPhatHuy_Pattern06_Adapter\DPM225424_VanBaPhatHuy_Pattern06_Adapter.csproj", "{10886768-660E-1A66-E7DC-4F52A1C45399}"
EndProject
Project("{FAE04EC0-301F-11D3-BF4B-00C04F79EFBC}") = "DPM225424_VanBaPhatHuy_Real02_AbstractFactory", "DPM225424_VanBaPhatHuy_Real02_AbstractFactory\DPM225424_VanBaPhatHuy_Real02_AbstractFactory.csproj", "{57BE0E90-654D-1D13-61A6-E620D6D625DD}"
EndProject
Project("{FAE04EC0-301F-11D3-BF4B-00C04F79EFBC}") = "DPM225424_VanBaPhatHuy_Real03_Builder", "DPM225424_VanBaPhatHuy_Real03_Builder\DPM225424_VanBaPhatHuy_Real03_Builder.csproj", "{648AFF98-A56F-0CA0-3BDD-10A4DC7DD569}"
EndProject
Project("{FAE04EC0-301F-11D3-BF4B-00C04F79EFBC}") = "DPM225424_VanBaPhatHuy_Real04_FactoryMethod", "DPM225424_VanBaPhatHuy_Real04_FactoryMethod\DPM225424_VanBaPhatHuy_Real04_FactoryMethod.csproj", "{45C70965-173F-8346-92C0-86AC0AC8E632}"
EndProject
Project("{FAE04EC0-301F-11D3-BF4B-00C04F79EFBC}") = "DPM225424_VanBaPhatHuy_Real05_Prototype", "DPM225424_VanBaPhatHuy_Real05_Prototype\DPM225424_VanBaPhatHuy_Real05_Prototype.csproj", "{033C35C1-AB90-AA55-208D-A1C559A95362}"
EndProject
Project("{FAE04EC0-301F-11D3-BF4B-00C04F79EFBC}") = "DPM225424_VanBaPhatHuy_Real06_Adapter", "DPM225424_VanBaPhatHuy_Real06_Adapter\DPM225424_VanBaPhatHuy_Real06_Adapter.csproj", "{939A26D7-8B9F-4466-8897-7C1B7AE0C4DD}"
EndProject
Project("{FAE04EC0-301F-11D3-BF4B-00C04F79EFBC}") = "DPM225424_VanBaPhatHuy_Pattern07_Bridge", "DPM225424_VanBaPhatHuy_Pattern07_Bridge\DPM225424_VanBaPhatHuy_Pattern07_Bridge.csproj", "{7E36CF80-E3F4-48A9-B62B-1F1BF0AE060E}"
EndProject
Project("{FAE04EC0-301F-11D3-BF4B-00C04F79EFBC}") = "DPM225424_VanBaPhatHuy_Real07_Bridge", "DPM225424_VanBaPhatHuy_Real07_Bridge\DPM225424_VanBaPhatHuy_Real07_Bridge.csproj", "{1987E296-DC8A-4CA0-87F1-BBAB33DF03EC}"
EndProject
Project("{FAE04EC0-301F-11D3-BF4B-00C04F79EFBC}") = "DPM225424_VanBaPhatHuy_Pattern08_Composite", "DPM225424_VanBaPhatHuy_Pattern08_Composite\DPM225424_VanBaPhatHuy_Pattern08_Composite.csproj", "{50DD0ABD-5E8F-4C88-87BE-00582E16553C}"
EndProject
Project("{FAE04EC0-301F-11D3-BF4B-00C04F79EFBC}") = "DPM225424_VanBaPhatHuy_Real08_Composite", "DPM225424_VanBaPhatHuy_Real08_Composite\DPM225424_VanBaPhatHuy_Real08_Composite.csproj", "{86A0B67B-E7DE-4D96-A58B-A4FBB7D0A1B7}"
EndProject
Project("{FAE04EC0-301F-11D3-BF4B-00C04F79EFBC}") = "DPM225424_VanBaPhatHuy_Pattern09_Decorator", "DPM225424_VanBaPhatHuy_Pattern09_Decorator\DPM225424_VanBaPhatHuy_Pattern09_Decorator.csproj", "{55E82184-D3F4-4BDA-87AE-2DF60B298B13}"
EndProject
Project("{FAE04EC0-301F-11D3-BF4B-00C04F79EFBC}") = "DPM225424_VanBaPhatHuy_Real09_Decorator", "DPM225424_VanBaPhatHuy_Real09_Decorator\DPM225424_VanBaPhatHuy_Real09_Decorator.csproj", "{9B4AF536-02CB-43DB-80B0-75B3FF0A4DC6}"
EndProject
Project("{FAE04EC0-301F-11D3-BF4B-00C04F79EFBC}") = "DPM225424_VanBaPhatHuy_Pattern10_Facade", "DPM225424_VanBaPhatHuy_Pattern10_Facade\DPM225424_VanBaPhatHuy_Pattern10_Facade.csproj", "{E36B6BB0-9CD5-447A-B3A0-57E6FC787A17}"
EndProject
Project("{FAE04EC0-301F-11D3-BF4B-00C04F79EFBC}") = "DPM225424_VanBaPhatHuy_Real10_Facade", "DPM225424_VanBaPhatHuy_Real10_Facade\DPM225424_VanBaPhatHuy_Real10_Facade.csproj", "{06D5D0AD-6059-4269-95B3-BE57DC5E53F9}"
EndProject
Project("{FAE04EC0-301F-11D3-BF4B-00C04F79EFBC}") = "DPM225424_VanBaPhatHuy_Pattern11_Flyweight", "DPM225424_VanBaPhatHuy_Pattern11_Flyweight\DPM225424_VanBaPhatHuy_Pattern11_Flyweight.csproj", "{053526F2-40A1-49F3-A83A-77CE06E89263}"
EndProject
Project("{FAE04EC0-301F-11D3-BF4B-00C04F79EFBC}") = "DPM225424_VanBaPhatHuy_Real11_Flyweight", "DPM225424_VanBaPhatHuy_Real11_Flyweight\DPM225424_VanBaPhatHuy_Real11_Flyweight.csproj", "{5712F556-9337-4276-8BD7-80A6F73452A2}"
EndProject
Project("{FAE04EC0-301F-11D3-BF4B-00C04F79EFBC}") = "DPM225424_VanBaPhatHuy_Pattern12_Proxy", "DPM225424_VanBaPhatHuy_Pattern12_Proxy\DPM225424_VanBaPhatHuy_Pattern12_Proxy.csproj", "{CEF838CD-2BCF-4A76-8BC4-F6893DA17259}"
EndProject
Project("{FAE04EC0-301F-11D3-BF4B-00C04F79EFBC}") = "DPM225424_VanBaPhatHuy_Real12_Proxy", "DPM225424_VanBaPhatHuy_Real12_Proxy\DPM225424_VanBaPhatHuy_Real12_Proxy.csproj", "{1C5DF01E-0D8E-440C-B83A-574D846A7CAB}"
EndProject
Project("{FAE04EC0-301F-11D3-BF4B-00C04F79EFBC}") = "DPM225424_VanBaPhatHuy_Pattern13_ChainOfResponsibility", "DPM225424_VanBaPhatHuy_Pattern13_ChainOfResponsibility\DPM225424_VanBaPhatHuy_Pattern13_ChainOfResponsibility.csproj", "{2E55B1DE-87CB-4724-A7E7-3E2A372AF665}"
EndProject
Project("{FAE04EC0-301F-11D3-BF4B-00C04F79EFBC}") = "DPM225424_VanBaPhatHuy_Real13_ChainOfResponsibility", "DPM225424_VanBaPhatHuy_Real13_ChainOfResponsibility\DPM225424_VanBaPhatHuy_Real13_ChainOfResponsibility.csproj", "{70F5A587-8088-46B7-A78E-3CE43A51C957}"
EndProject
Project("{FAE04EC0-301F-11D3-BF4B-00C04F79EFBC}") = "DPM225424_VanBaPhatHuy_Pattern14_Command", "DPM225424_VanBaPhatHuy_Pattern14_Command\DPM225424_VanBaPhatHuy_Pattern14_Command.csproj", "{D7C2BBC2-0C74-4671-B268-814999FA94A5}"
EndProject
Project("{FAE04EC0-301F-11D3-BF4B-00C04F79EFBC}") = "DPM225424_VanBaPhatHuy_Real14_Command", "DPM225424_VanBaPhatHuy_Real14_Command\DPM225424_VanBaPhatHuy_Real14_Command.csproj", "{6A9FCBDF-65A5-4A52-923E-7E46811DB5CC}"
EndProject
Project("{FAE04EC0-301F-11D3-BF4B-00C04F79EFBC}") = "DPM225424_VanBaPhatHuy_Pattern15_Interpreter", "DPM225424_VanBaPhatHuy_Pattern15_Interpreter\DPM225424_VanBaPhatHuy_Pattern15_Interpreter.csproj", "{31AD9613-85BB-4EF0-8BEC-A87A7C2A2EF6}"
EndProject
Project("{FAE04EC0-301F-11D3-BF4B-00C04F79EFBC}") = "DPM225424_VanBaPhatHuy_Real15_Interpreter", "DPM225424_VanBaPhatHuy_Real15_Interpreter\DPM225424_VanBaPhatHuy_Real15_Interpreter.csproj", "{CA21A9CE-48B5-411F-A3E7-E41AA17C7854}"
EndProject
Project("{FAE04EC0-301F-11D3-BF4B-00C04F79EFBC}") = "DPM225424_VanBaPhatHuy_Pattern16_Iterator", "DPM225424_VanBaPhatHuy_Pattern16_Iterator\DPM225424_VanBaPhatHuy_Pattern16_Iterator.csproj", "{3BCB005E-2ABB-4684-8121-2A2A2CEAF284}"
EndProject
Project("{FAE04EC0-301F-11D3-BF4B-00C04F79EFBC}") = "DPM225424_VanBaPhatHuy_Real16_Iterator", "DPM225424_VanBaPhatHuy_Real16_Iterator\DPM225424_VanBaPhatHuy_Real16_Iterator.csproj", "{395CD9DF-B219-42F4-93A6-AC2C86EA5BF4}"
EndProject
Project("{FAE04EC0-301F-11D3-BF4B-00C04F79EFBC}") = "DPM225424_VanBaPhatHuy_Pattern17_Mediator", "DPM225424_VanBaPhatHuy_Pattern17_Mediator\DPM225424_VanBaPhatHuy_Pattern17_Mediator.csproj", "{F4E137C7-8664-48A5-9712-DA6B610D0B95}"
EndProject
Project("{FAE04EC0-301F-11D3-BF4B-00C04F79EFBC}") = "DPM225424_VanBaPhatHuy_Real17_Mediator", "DPM225424_VanBaPhatHuy_Real17_Mediator\DPM225424_VanBaPhatHuy_Real17_Mediator.csproj", "{C3E6702B-6229-4EC4-AF76-CFE3FAD774B3}"
EndProject
Project("{FAE04EC0-301F-11D3-BF4B-00C04F79EFBC}") = "DPM225424_VanBaPhatHuy_Pattern18_Memento", "DPM225424_VanBaPhatHuy_Pattern18_Memento\DPM225424_VanBaPhatHuy_Pattern18_Memento.csproj", "{A369D939-B3C4-4871-8254-F84DE81AAE78}"
EndProject
Project("{FAE04EC0-301F-11D3-BF4B-00C04F79EFBC}") = "DPM225424_VanBaPhatHuy_Real18_Memento", "DPM225424_VanBaPhatHuy_Real18_Memento\DPM225424_VanBaPhatHuy_Real18_Memento.csproj", "{E0805E2F-999C-420D-93FB-05794E42118D}"
EndProject
Project("{FAE04EC0-301F-11D3-BF4B-00C04F79EFBC}") = "DPM225424_VanBaPhatHuy_Pattern19_Observer", "DPM225424_VanBaPhatHuy_Pattern19_Observer\DPM225424_VanBaPhatHuy_Pattern19_Observer.csproj", "{194492F2-18DB-431C-BF27-8CBD793E3FA9}"
EndProject
Project("{FAE04EC0-301F-11D3-BF4B-00C04F79EFBC}") = "DPM225424_VanBaPhatHuy_Real19_Observer", "DPM225424_VanBaPhatHuy_Real19_Observer\DPM225424_VanBaPhatHuy_Real19_Observer.csproj", "{217896CD-7F98-4619-8FF4-947DFA2DD1EA}"
EndProject
Project("{FAE04EC0-301F-11D3-BF4B-00C04F79EFBC}") = "DPM225424_VanBaPhatHuy_Pattern20_State", "DPM225424_VanBaPhatHuy_Pattern20_State\DPM225424_VanBaPhatHuy_Pattern20_State.csproj", "{1199ADD1-509A-4CFA-A8CC-D49429159068}"
EndProject
Project("{FAE04EC0-301F-11D3-BF4B-00C04F79EFBC}") = "DPM225424_VanBaPhatHuy_Real20_State", "DPM225424_VanBaPhatHuy_Real20_State\DPM225424_VanBaPhatHuy_Real20_State.csproj", "{AD8251A2-1007-427C-AF0C-123B246B14CE}"
EndProject
Project("{FAE04EC0-301F-11D3-BF4B-00C04F79EFBC}") = "DPM225424_VanBaPhatHuy_Pattern21_Strategy", "DPM225424_VanBaPhatHuy_Pattern21_Strategy\DPM225424_VanBaPhatHuy_Pattern21_Strategy.csproj", "{6A7750DB-75EC-4BE5-9326-66C480A8AE2B}"
EndProject
Project("{FAE04EC0-301F-11D3-BF4B-00C04F79EFBC}") = "DPM225424_VanBaPhatHuy_Real21_Strategy", "DPM225424_VanBaPhatHuy_Real21_Strategy\DPM225424_VanBaPhatHuy_Real21_Strategy.csproj", "{6769484A-E823-4F85-BE06-325B32300F6D}"
EndProject
Project("{FAE04EC0-301F-11D3-BF4B-00C04F79EFBC}") = "DPM225424_VanBaPhatHuy_Pattern22_TemplateMethod", "DPM225424_VanBaPhatHuy_Pattern22_TemplateMethod\DPM225424_VanBaPhatHuy_Pattern22_TemplateMethod.csproj", "{A911A149-C1ED-47CC-AF48-CF45BE3C8235}"
EndProject
Project("{FAE04EC0-301F-11D3-BF4B-00C04F79EFBC}") = "DPM225424_VanBaPhatHuy_Real22_TemplateMethod", "DPM225424_VanBaPhatHuy_Real22_TemplateMethod\DPM225424_VanBaPhatHuy_Real22_TemplateMethod.csproj", "{650FE6C5-7C88-4A6D-9EE1-2AF4E78A8DFD}"
EndProject
Project("{FAE04EC0-301F-11D3-BF4B-00C04F79EFBC}") = "DPM225424_VanBaPhatHuy_MyReal01_Singleton", "DPM225424_VanBaPhatHuy_MyReal01_Singleton\DPM225424_VanBaPhatHuy_MyReal01_Singleton.csproj", "{7EB062DB-E919-4B78-BF4C-9115B0300D27}"
EndProject
Project("{FAE04EC0-301F-11D3-BF4B-00C04F79EFBC}") = "DPM225424_VanBaPhatHuy_MyReal02_AbstractFactory", "DPM225424_VanBaPhatHuy_MyReal02_AbstractFactory\DPM225424_VanBaPhatHuy_MyReal02_AbstractFactory.csproj", "{5C56B8C4-3B69-4066-8767-4A0F148FFB3F}"
EndProject
Project("{FAE04EC0-301F-11D3-BF4B-00C04F79EFBC}") = "DPM225424_VanBaPhatHuy_MyReal03_Builder", "DPM225424_VanBaPhatHuy_MyReal03_Builder\DPM225424_VanBaPhatHuy_MyReal03_Builder.csproj", "{948484E5-3985-4AB1-8FE6-AA0907DB72F7}"
EndProject
Project("{FAE04EC0-301F-11D3-BF4B-00C04F79EFBC}") = "DPM225424_VanBaPhatHuy_MyReal04_FactoryMethod", "DPM225424_VanBaPhatHuy_MyReal04_FactoryMethod\DPM225424_VanBaPhatHuy_MyReal04_FactoryMethod.csproj", "{BB5D06CE-1E44-44FF-8915-EB3073EC8F92}"
EndProject
Global
	GlobalSection(SolutionConfigurationPlatforms) = preSolution
		Debug|Any CPU = Debug|Any CPU
		Release|Any CPU = Release|Any CPU
	EndGlobalSection
	GlobalSection(ProjectConfigurationPlatforms) = postSolution
		{ECBF2CB6-1DE7-498B-97E7-0FB0BF893709}.Debug|Any CPU.ActiveCfg = Debug|Any CPU
		{ECBF2CB6-1DE7-498B-97E7-0FB0BF893709}.Debug|Any CPU.Build.0 = Debug|Any CPU
		{ECBF2CB6-1DE7-498B-97E7-0FB0BF893709}.Release|Any CPU.ActiveCfg = Release|Any CPU
		{ECBF2CB6-1DE7-498B-97E7-0FB0BF893709}.Release|Any CPU.Build.0 = Release|Any CPU
		{75ADEB8B-51D5-4167-A2EE-042A9048F395}.Debug|Any CPU.ActiveCfg = Debug|Any CPU
		{75ADEB8B-51D5-4167-A2EE-042A9048F395}.Debug|Any CPU.Build.0 = Debug|Any CPU
		{75ADEB8B-51D5-4167-A2EE-042A9048F395}.Release|Any CPU.ActiveCfg = Release|Any CPU
		{75ADEB8B-51D5-4167-A2EE-042A9048F395}.Release|Any CPU.Build.0 = Release|Any CPU
		{93EE686A-6D14-2119-12FF-B58AAC8A4E63}.Debug|Any CPU.ActiveCfg = Debug|Any CPU
		{93EE686A-6D14-2119-12FF-B58AAC8A4E63}.Debug|Any CPU.Build.0 = Debug|Any CPU
		{93EE686A-6D14-2119-12FF-B58AAC8A4E63}.Release|Any CPU.ActiveCfg = Release|Any CPU
		{93EE686A-6D14-2119-12FF-B58AAC8A4E63}.Release|Any CPU.Build.0 = Release|Any CPU
		{7E0FA1CB-52E1-BBC0-D10A-9468E29D028E}.Debug|Any CPU.ActiveCfg = Debug|Any CPU
		{7E0FA1CB-52E1-BBC0-D10A-9468E29D028E}.Debug|Any CPU.Build.0 = Debug|Any CPU
		{7E0FA1CB-52E1-BBC0-D10A-9468E29D028E}.Release|Any CPU.ActiveCfg = Release|Any CPU
		{7E0FA1CB-52E1-BBC0-D10A-9468E29D028E}.Release|Any CPU.Build.0 = Release|Any CPU
		{3E280E32-ADDB-A94D-33D3-B76B62B582C4}.Debug|Any CPU.ActiveCfg = Debug|Any CPU
		{3E280E32-ADDB-A94D-33D3-B76B62B582C4}.Debug|Any CPU.Build.0 = Debug|Any CPU
		{3E280E32-ADDB-A94D-33D3-B76B62B582C4}.Release|Any CPU.ActiveCfg = Release|Any CPU
		{3E280E32-ADDB-A94D-33D3-B76B62B582C4}.Release|Any CPU.Build.0 = Release|Any CPU
		{11EA7D02-1169-32C0-BBB2-F8AC7F5DFBA7}.Debug|Any CPU.ActiveCfg = Debug|Any CPU
		{11EA7D02-1169-32C0-BBB2-F8AC7F5DFBA7}.Debug|Any CPU.Build.0 = Debug|Any CPU
		{11EA7D02-1169-32C0-BBB2-F8AC7F5DFBA7}.Release|Any CPU.ActiveCfg = Release|Any CPU
		{11EA7D02-1169-32C0-BBB2-F8AC7F5DFBA7}.Release|Any CPU.Build.0 = Release|Any CPU
		{10886768-660E-1A66-E7DC-4F52A1C45399}.Debug|Any CPU.ActiveCfg = Debug|Any CPU
		{10886768-660E-1A66-E7DC-4F52A1C45399}.Debug|Any CPU.Build.0 = Debug|Any CPU
		{10886768-660E-1A66-E7DC-4F52A1C45399}.Release|Any CPU.ActiveCfg = Release|Any CPU
		{10886768-660E-1A66-E7DC-4F52A1C45399}.Release|Any CPU.Build.0 = Release|Any CPU
		{57BE0E90-654D-1D13-61A6-E620D6D625DD}.Debug|Any CPU.ActiveCfg = Debug|Any CPU
		{57BE0E90-654D-1D13-61A6-E620D6D625DD}.Debug|Any CPU.Build.0 = Debug|Any CPU
		{57BE0E90-654D-1D13-61A6-E620D6D625DD}.Release|Any CPU.ActiveCfg = Release|Any CPU
		{57BE0E90-654D-1D13-61A6-E620D6D625DD}.Release|Any CPU.Build.0 = Release|Any CPU
		{648AFF98-A56F-0CA0-3BDD-10A4DC7DD569}.Debug|Any CPU.ActiveCfg = Debug|Any CPU
		{648AFF98-A56F-0CA0-3BDD-10A4DC7DD569}.Debug|Any CPU.Build.0 = Debug|Any CPU
		{648AFF98-A56F-0CA0-3BDD-10A4DC7DD569}.Release|Any CPU.ActiveCfg = Release|Any CPU
		{648AFF98-A56F-0CA0-3BDD-10A4DC7DD569}.Release|Any CPU.Build.0 = Release|Any CPU
		{45C70965-173F-8346-92C0-86AC0AC8E632}.Debug|Any CPU.ActiveCfg = Debug|Any CPU
		{45C70965-173F-8346-92C0-86AC0AC8E632}.Debug|Any CPU.Build.0 = Debug|Any CPU
		{45C70965-173F-8346-92C0-86AC0AC8E632}.Release|Any CPU.ActiveCfg = Release|Any CPU
		{45C70965-173F-8346-92C0-86AC0AC8E632}.Release|Any CPU.Build.0 = Release|Any CPU
		{033C35C1-AB90-AA55-208D-A1C559A95362}.Debug|Any CPU.ActiveCfg = Debug|Any CPU
		{033C35C1-AB90-AA55-208D-A1C559A95362}.Debug|Any CPU.Build.0 = Debug|Any CPU
		{033C35C1-AB90-AA55-208D-A1C559A95362}.Release|Any CPU.ActiveCfg = Release|Any CPU
		{033C35C1-AB90-AA55-208D-A1C559A95362}.Release|Any CPU.Build.0 = Release|Any CPU
		{939A26D7-8B9F-4466-8897-7C1B7AE0C4DD}.Debug|Any CPU.ActiveCfg = Debug|Any CPU
		{939A26D7-8B9F-4466-8897-7C1B7AE0C4DD}.Debug|Any CPU.Build.0 = Debug|Any CPU
		{939A26D7-8B9F-4466-8897-7C1B7AE0C4DD}.Release|Any CPU.ActiveCfg = Release|Any CPU
		{939A26D7-8B9F-4466-8897-7C1B7AE0C4DD}.Release|Any CPU.Build.0 = Release|Any CPU
		{7E36CF80-E3F4-48A9-B62B-1F1BF0AE060E}.Debug|Any CPU.ActiveCfg = Debug|Any CPU
		{7E36CF80-E3F4-48A9-B62B-1F1BF0AE060E}.Debug|Any CPU.Build.0 = Debug|Any CPU
		{7E36CF80-E3F4-48A9-B62B-1F1BF0AE060E}.Release|Any CPU.ActiveCfg = Release|Any CPU
		{7E36CF80-E3F4-48A9-B62B-1F1BF0AE060E}.Release|Any CPU.Build.0 = Release|Any CPU
		{1987E296-DC8A-4CA0-87F1-BBAB33DF03EC}.Debug|Any CPU.ActiveCfg = Debug|Any CPU
		{1987E296-DC8A-4CA0-87F1-BBAB33DF03EC}.Debug|Any CPU.Build.0 = Debug|Any CPU
		{1987E296-DC8A-4CA0-87F1-BBAB33DF03EC}.Release|Any CPU.ActiveCfg = Release|Any CPU
		{1987E296-DC8A-4CA0-87F1-BBAB33DF03EC}.Release|Any CPU.Build.0 = Release|Any CPU
		{50DD0ABD-5E8F-4C88-87BE-00582E16553C}.Debug|Any CPU.ActiveCfg = Debug|Any CPU
		{50DD0ABD-5E8F-4C88-87BE-00582E16553C}.Debug|Any CPU.Build.0 = Debug|Any CPU
		{50DD0ABD-5E8F-4C88-87BE-00582E16553C}.Release|Any CPU.ActiveCfg = Release|Any CPU
		{50DD0ABD-5E8F-4C88-87BE-00582E16553C}.Release|Any CPU.Build.0 = Release|Any CPU
		{86A0B67B-E7DE-4D96-A58B-A4FBB7D0A1B7}.Debug|Any CPU.ActiveCfg = Debug|Any CPU
		{86A0B67B-E7DE-4D96-A58B-A4FBB7D0A1B7}.Debug|Any CPU.Build.0 = Debug|Any CPU
		{86A0B67B-E7DE-4D96-A58B-A4FBB7D0A1B7}.Release|Any CPU.ActiveCfg = Release|Any CPU
		{86A0B67B-E7DE-4D96-A58B-A4FBB7D0A1B7}.Release|Any CPU.Build.0 = Release|Any CPU
		{55E82184-D3F4-4BDA-87AE-2DF60B298B13}.Debug|Any CPU.ActiveCfg = Debug|Any CPU
		{55E82184-D3F4-4BDA-87AE-2DF60B298B13}.Debug|Any CPU.Build.0 = Debug|Any CPU
		{55E82184-D3F4-4BDA-87AE-2DF60B298B13}.Release|Any CPU.ActiveCfg = Release|Any CPU
		{55E82184-D3F4-4BDA-87AE-2DF60B298B13}.Release|Any CPU.Build.0 = Release|Any CPU
		{9B4AF536-02CB-43DB-80B0-75B3FF0A4DC6}.Debug|Any CPU.ActiveCfg = Debug|Any CPU
		{9B4AF536-02CB-43DB-80B0-75B3FF0A4DC6}.Debug|Any CPU.Build.0 = Debug|Any CPU
		{9B4AF536-02CB-43DB-80B0-75B3FF0A4DC6}.Release|Any CPU.ActiveCfg = Release|Any CPU
		{9B4AF536-02CB-43DB-80B0-75B3FF0A4DC6}.Release|Any CPU.Build.0 = Release|Any CPU
		{E36B6BB0-9CD5-447A-B3A0-57E6FC787A17}.Debug|Any CPU.ActiveCfg = Debug|Any CPU
		{E36B6BB0-9CD5-447A-B3A0-57E6FC787A17}.Debug|Any CPU.Build.0 = Debug|Any CPU
		{E36B6BB0-9CD5-447A-B3A0-57E6FC787A17}.Release|Any CPU.ActiveCfg = Release|Any CPU
		{E36B6BB0-9CD5-447A-B3A0-57E6FC787A17}.Release|Any CPU.Build.0 = Release|Any CPU
		{06D5D0AD-6059-4269-95B3-BE57DC5E53F9}.Debug|Any CPU.ActiveCfg = Debug|Any CPU
		{06D5D0AD-6059-4269-95B3-BE57DC5E53F9}.Debug|Any CPU.Build.0 = Debug|Any CPU
		{06D5D0AD-6059-4269-95B3-BE57DC5E53F9}.Release|Any CPU.ActiveCfg = Release|Any CPU
		{06D5D0AD-6059-4269-95B3-BE57DC5E53F9}.Release|Any CPU.Build.0 = Release|Any CPU
		{053526F2-40A1-49F3-A83A-77CE06E89263}.Debug|Any CPU.ActiveCfg = Debug|Any CPU
		{053526F2-40A1-49F3-A83A-77CE06E89263}.Debug|Any CPU.Build.0 = Debug|Any CPU
		{053526F2-40A1-49F3-A83A-77CE06E89263}.Release|Any CPU.ActiveCfg = Release|Any CPU
		{053526F2-40A1-49F3-A83A-77CE06E89263}.Release|Any CPU.Build.0 = Release|Any CPU
		{5712F556-9337-4276-8BD7-80A6F73452A2}.Debug|Any CPU.ActiveCfg = Debug|Any CPU
		{5712F556-9337-4276-8BD7-80A6F73452A2}.Debug|Any CPU.Build.0 = Debug|Any CPU
		{5712F556-9337-4276-8BD7-80A6F73452A2}.Release|Any CPU.ActiveCfg = Release|Any CPU
		{5712F556-9337-4276-8BD7-80A6F73452A2}.Release|Any CPU.Build.0 = Release|Any CPU
		{CEF838CD-2BCF-4A76-8BC4-F6893DA17259}.Debug|Any CPU.ActiveCfg = Debug|Any CPU
		{CEF838CD-2BCF-4A76-8BC4-F6893DA17259}.Debug|Any CPU.Build.0 = Debug|Any CPU
		{CEF838CD-2BCF-4A76-8BC4-F6893DA17259}.Release|Any CPU.ActiveCfg = Release|Any CPU
		{CEF838CD-2BCF-4A76-8BC4-F6893DA17259}.Release|Any CPU.Build.0 = Release|Any CPU
		{1C5DF01E-0D8E-440C-B83A-574D846A7CAB}.Debug|Any CPU.ActiveCfg = Debug|Any CPU
		{1C5DF01E-0D8E-440C-B83A-574D846A7CAB}.Debug|Any CPU.Build.0 = Debug|Any CPU
		{1C5DF01E-0D8E-440C-B83A-574D846A7CAB}.Release|Any CPU.ActiveCfg = Release|Any CPU
		{1C5DF01E-0D8E-440C-B83A-574D846A7CAB}.Release|Any CPU.Build.0 = Release|Any CPU
		{2E55B1DE-87CB-4724-A7E7-3E2A372AF665}.Debug|Any CPU.ActiveCfg = Debug|Any CPU
		{2E55B1DE-87CB-4724-A7E7-3E2A372AF665}.Debug|Any CPU.Build.0 = Debug|Any CPU
		{2E55B1DE-87CB-4724-A7E7-3E2A372AF665}.Release|Any CPU.ActiveCfg = Release|Any CPU
		{2E55B1DE-87CB-4724-A7E7-3E2A372AF665}.Release|Any CPU.Build.0 = Release|Any CPU
		{70F5A587-8088-46B7-A78E-3CE43A51C957}.Debug|Any CPU.ActiveCfg = Debug|Any CPU
		{70F5A587-8088-46B7-A78E-3CE43A51C957}.Debug|Any CPU.Build.0 = Debug|Any CPU
		{70F5A587-8088-46B7-A78E-3CE43A51C957}.Release|Any CPU.ActiveCfg = Release|Any CPU
		{70F5A587-8088-46B7-A78E-3CE43A51C957}.Release|Any CPU.Build.0 = Release|Any CPU
		{D7C2BBC2-0C74-4671-B268-814999FA94A5}.Debug|Any CPU.ActiveCfg = Debug|Any CPU
		{D7C2BBC2-0C74-4671-B268-814999FA94A5}.Debug|Any CPU.Build.0 = Debug|Any CPU
		{D7C2BBC2-0C74-4671-B268-814999FA94A5}.Release|Any CPU.ActiveCfg = Release|Any CPU
		{D7C2BBC2-0C74-4671-B268-814999FA94A5}.Release|Any CPU.Build.0 = Release|Any CPU
		{6A9FCBDF-65A5-4A52-923E-7E46811DB5CC}.Debug|Any CPU.ActiveCfg = Debug|Any CPU
		{6A9FCBDF-65A5-4A52-923E-7E46811DB5CC}.Debug|Any CPU.Build.0 = Debug|Any CPU
		{6A9FCBDF-65A5-4A52-923E-7E46811DB5CC}.Release|Any CPU.ActiveCfg = Release|Any CPU
		{6A9FCBDF-65A5-4A52-923E-7E46811DB5CC}.Release|Any CPU.Build.0 = Release|Any CPU
		{31AD9613-85BB-4EF0-8BEC-A87A7C2A2EF6}.Debug|Any CPU.ActiveCfg = Debug|Any CPU
		{31AD9613-85BB-4EF0-8BEC-A87A7C2A2EF6}.Debug|Any CPU.Build.0 = Debug|Any CPU
		{31AD9613-85BB-4EF0-8BEC-A87A7C2A2EF6}.Release|Any CPU.ActiveCfg = Release|Any CPU
		{31AD9613-85BB-4EF0-8BEC-A87A7C2A2EF6}.Release|Any CPU.Build.0 = Release|Any CPU
		{CA21A9CE-48B5-411F-A3E7-E41AA17C7854}.Debug|Any CPU.ActiveCfg = Debug|Any CPU
		{CA21A9CE-48B5-411F-A3E7-E41AA17C7854}.Debug|Any CPU.Build.0 = Debug|Any CPU
		{CA21A9CE-48B5-411F-A3E7-E41AA17C7854}.Release|Any CPU.ActiveCfg = Release|Any CPU
		{CA21A9CE-48B5-411F-A3E7-E41AA17C7854}.Release|Any CPU.Build.0 = Release|Any CPU
		{3BCB005E-2ABB-4684-8121-2A2A2CEAF284}.Debug|Any CPU.ActiveCfg = Debug|Any CPU
		{3BCB005E-2ABB-4684-8121-2A2A2CEAF284}.Debug|Any CPU.Build.0 = Debug|Any CPU
		{3BCB005E-2ABB-4684-8121-2A2A2CEAF284}.Release|Any CPU.ActiveCfg = Release|Any CPU
		{3BCB005E-2ABB-4684-8121-2A2A2CEAF284}.Release|Any CPU.Build.0 = Release|Any CPU
		{395CD9DF-B219-42F4-93A6-AC2C86EA5BF4}.Debug|Any CPU.ActiveCfg = Debug|Any CPU
		{395CD9DF-B219-42F4-93A6-AC2C86EA5BF4}.Debug|Any CPU.Build.0 = Debug|Any CPU
		{395CD9DF-B219-42F4-93A6-AC2C86EA5BF4}.Release|Any CPU.ActiveCfg = Release|Any CPU
		{395CD9DF-B219-42F4-93A6-AC2C86EA5BF4}.Release|Any CPU.Build.0 = Release|Any CPU
		{F4E137C7-8664-48A5-9712-DA6B610D0B95}.Debug|Any CPU.ActiveCfg = Debug|Any CPU
		{F4E137C7-8664-48A5-9712-DA6B610D0B95}.Debug|Any CPU.Build.0 = Debug|Any CPU
		{F4E137C7-8664-48A5-9712-DA6B610D0B95}.Release|Any CPU.ActiveCfg = Release|Any CPU
		{F4E137C7-8664-48A5-9712-DA6B610D0B95}.Release|Any CPU.Build.0 = Release|Any CPU
		{C3E6702B-6229-4EC4-AF76-CFE3FAD774B3}.Debug|Any CPU.ActiveCfg = Debug|Any CPU
		{C3E6702B-6229-4EC4-AF76-CFE3FAD774B3}.Debug|Any CPU.Build.0 = Debug|Any CPU
		{C3E6702B-6229-4EC4-AF76-CFE3FAD774B3}.Release|Any CPU.ActiveCfg = Release|Any CPU
		{C3E6702B-6229-4EC4-AF76-CFE3FAD774B3}.Release|Any CPU.Build.0 = Release|Any CPU
		{A369D939-B3C4-4871-8254-F84DE81AAE78}.Debug|Any CPU.ActiveCfg = Debug|Any CPU
		{A369D939-B3C4-4871-8254-F84DE81AAE78}.Debug|Any CPU.Build.0 = Debug|Any CPU
		{A369D939-B3C4-4871-8254-F84DE81AAE78}.Release|Any CPU.ActiveCfg = Release|Any CPU
		{A369D939-B3C4-4871-8254-F84DE81AAE78}.Release|Any CPU.Build.0 = Release|Any CPU
		{E0805E2F-999C-420D-93FB-05794E42118D}.Debug|Any CPU.ActiveCfg = Debug|Any CPU
		{E0805E2F-999C-420D-93FB-05794E42118D}.Debug|Any CPU.Build.0 = Debug|Any CPU
		{E0805E2F-999C-420D-93FB-05794E42118D}.Release|Any CPU.ActiveCfg = Release|Any CPU
		{E0805E2F-999C-420D-93FB-05794E42118D}.Release|Any CPU.Build.0 = Release|Any CPU
		{194492F2-18DB-431C-BF27-8CBD793E3FA9}.Debug|Any CPU.ActiveCfg = Debug|Any CPU
		{194492F2-18DB-431C-BF27-8CBD793E3FA9}.Debug|Any CPU.Build.0 = Debug|Any CPU
		{194492F2-18DB-431C-BF27-8CBD793E3FA9}.Release|Any CPU.ActiveCfg = Release|Any CPU
		{194492F2-18DB-431C-BF27-8CBD793E3FA9}.Release|Any CPU.Build.0 = Release|Any CPU
		{217896CD-7F98-4619-8FF4-947DFA2DD1EA}.Debug|Any CPU.ActiveCfg = Debug|Any CPU
		{217896CD-7F98-4619-8FF4-947DFA2DD1EA}.Debug|Any CPU.Build.0 = Debug|Any CPU
		{217896CD-7F98-4619-8FF4-947DFA2DD1EA}.Release|Any CPU.ActiveCfg = Release|Any CPU
		{217896CD-7F98-4619-8FF4-947DFA2DD1EA}.Release|Any CPU.Build.0 = Release|Any CPU
		{1199ADD1-509A-4CFA-A8CC-D49429159068}.Debug|Any CPU.ActiveCfg = Debug|Any CPU
		{1199ADD1-509A-4CFA-A8CC-D49429159068}.Debug|Any CPU.Build.0 = Debug|Any CPU
		{1199ADD1-509A-4CFA-A8CC-D49429159068}.Release|Any CPU.ActiveCfg = Release|Any CPU
		{1199ADD1-509A-4CFA-A8CC-D49429159068}.Release|Any CPU.Build.0 = Release|Any CPU
		{AD8251A2-1007-427C-AF0C-123B246B14CE}.Debug|Any CPU.ActiveCfg = Debug|Any CPU
		{AD8251A2-1007-427C-AF0C-123B246B14CE}.Debug|Any CPU.Build.0 = Debug|Any CPU
		{AD8251A2-1007-427C-AF0C-123B246B14CE}.Release|Any CPU.ActiveCfg = Release|Any CPU
		{AD8251A2-1007-427C-AF0C-123B246B14CE}.Release|Any CPU.Build.0 = Release|Any CPU
		{6A7750DB-75EC-4BE5-9326-66C480A8AE2B}.Debug|Any CPU.ActiveCfg = Debug|Any CPU
		{6A7750DB-75EC-4BE5-9326-66C480A8AE2B}.Debug|Any CPU.Build.0 = Debug|Any CPU
		{6A7750DB-75EC-4BE5-9326-66C480A8AE2B}.Release|Any CPU.ActiveCfg = Release|Any CPU
		{6A7750DB-75EC-4BE5-9326-66C480A8AE2B}.Release|Any CPU.Build.0 = Release|Any CPU
		{6769484A-E823-4F85-BE06-325B32300F6D}.Debug|Any CPU.ActiveCfg = Debug|Any CPU
		{6769484A-E823-4F85-BE06-325B32300F6D}.Debug|Any CPU.Build.0 = Debug|Any CPU
		{6769484A-E823-4F85-BE06-325B32300F6D}.Release|Any CPU.ActiveCfg = Release|Any CPU
		{6769484A-E823-4F85-BE06-325B32300F6D}.Release|Any CPU.Build.0 = Release|Any CPU
		{A911A149-C1ED-47CC-AF48-CF45BE3C8235}.Debug|Any CPU.ActiveCfg = Debug|Any CPU
		{A911A149-C1ED-47CC-AF48-CF45BE3C8235}.Debug|Any CPU.Build.0 = Debug|Any CPU
		{A911A149-C1ED-47CC-AF48-CF45BE3C8235}.Release|Any CPU.ActiveCfg = Release|Any CPU
		{A911A149-C1ED-47CC-AF48-CF45BE3C8235}.Release|Any CPU.Build.0 = Release|Any CPU
		{650FE6C5-7C88-4A6D-9EE1-2AF4E78A8DFD}.Debug|Any CPU.ActiveCfg = Debug|Any CPU
		{650FE6C5-7C88-4A6D-9EE1-2AF4E78A8DFD}.Debug|Any CPU.Build.0 = Debug|Any CPU
		{650FE6C5-7C88-4A6D-9EE1-2AF4E78A8DFD}.Release|Any CPU.ActiveCfg = Release|Any CPU
		{650FE6C5-7C88-4A6D-9EE1-2AF4E78A8DFD}.Release|Any CPU.Build.0 = Release|Any CPU
		{7EB062DB-E919-4B78-BF4C-9115B0300D27}.Debug|Any CPU.ActiveCfg = Debug|Any CPU
		{7EB062DB-E919-4B78-BF4C-9115B0300D27}.Debug|Any CPU.Build.0 = Debug|Any CPU
		{7EB062DB-E919-4B78-BF4C-9115B0300D27}.Release|Any CPU.ActiveCfg = Release|Any CPU
		{7EB062DB-E919-4B78-BF4C-9115B0300D27}.Release|Any CPU.Build.0 = Release|Any CPU
		{5C56B8C4-3B69-4066-8767-4A0F148FFB3F}.Debug|Any CPU.ActiveCfg = Debug|Any CPU
		{5C56B8C4-3B69-4066-8767-4A0F148FFB3F}.Debug|Any CPU.Build.0 = Debug|Any CPU
		{5C56B8C4-3B69-4066-8767-4A0F148FFB3F}.Release|Any CPU.ActiveCfg = Release|Any CPU
		{5C56B8C4-3B69-4066-8767-4A0F148FFB3F}.Release|Any CPU.Build.0 = Release|Any CPU
		{948484E5-3985-4AB1-8FE6-AA0907DB72F7}.Debug|Any CPU.ActiveCfg = Debug|Any CPU
		{948484E5-3985-4AB1-8FE6-AA0907DB72F7}.Debug|Any CPU.Build.0 = Debug|Any CPU
		{948484E5-3985-4AB1-8FE6-AA0907DB72F7}.Release|Any CPU.ActiveCfg = Release|Any CPU
		{948484E5-3985-4AB1-8FE6-AA0907DB72F7}.Release|Any CPU.Build.0 = Release|Any CPU
		{BB5D06CE-1E44-44FF-8915-EB3073EC8F92}.Debug|Any CPU.ActiveCfg = Debug|Any CPU
		{BB5D06CE-1E44-44FF-8915-EB3073EC8F92}.Debug|Any CPU.Build.0 = Debug|Any CPU
		{BB5D06CE-1E44-44FF-8915-EB3073EC8F92}.Release|Any CPU.ActiveCfg = Release|Any CPU
		{BB5D06CE-1E44-44FF-8915-EB3073EC8F92}.Release|Any CPU.Build.0 = Release|Any CPU
	EndGlobalSection
	GlobalSection(SolutionProperties) = preSolution
		HideSolutionNode = FALSE
	EndGlobalSection
	GlobalSection(ExtensibilityGlobals) = postSolution
		SolutionGuid = {182A95CE-36E3-441E-8FB8-7B2CEC11DAEC}
	EndGlobalSection
EndGlobal
